
Microsoft Visual Studio Solution File, Format Version 12.00
# Visual Studio Version 17
VisualStudioVersion = 17.10.35027.167
MinimumVisualStudioVersion = 10.0.40219.1
Project("{FAE04EC0-301F-11D3-BF4B-00C04F79EFBC}") = "ChessLogic", "ChessLogic\ChessLogic.csproj", "{9B3AE034-F9D2-4E13-A172-6B3775F3E393}"
EndProject
Project("{FAE04EC0-301F-11D3-BF4B-00C04F79EFBC}") = "ChessUI", "ChessUI\ChessUI.csproj", "{D37D81F4-66AA-4992-8B79-B0D6A8279457}"
EndProject
Global
	GlobalSection(SolutionConfigurationPlatforms) = preSolution
		Debug|Any CPU = Debug|Any CPU
		Release|Any CPU = Release|Any CPU
	EndGlobalSection
	GlobalSection(ProjectConfigurationPlatforms) = postSolution
		{9B3AE034-F9D2-4E13-A172-6B3775F3E393}.Debug|Any CPU.ActiveCfg = Debug|Any CPU
		{9B3AE034-F9D2-4E13-A172-6B3775F3E393}.Debug|Any CPU.Build.0 = Debug|Any CPU
		{9B3AE034-F9D2-4E13-A172-6B3775F3E393}.Release|Any CPU.ActiveCfg = Release|Any CPU
		{9B3AE034-F9D2-4E13-A172-6B3775F3E393}.Release|Any CPU.Build.0 = Release|Any CPU
		{D37D81F4-66AA-4992-8B79-B0D6A8279457}.Debug|Any CPU.ActiveCfg = Debug|Any CPU
		{D37D81F4-66AA-4992-8B79-B0D6A8279457}.Debug|Any CPU.Build.0 = Debug|Any CPU
		{D37D81F4-66AA-4992-8B79-B0D6A8279457}.Release|Any CPU.ActiveCfg = Release|Any CPU
		{D37D81F4-66AA-4992-8B79-B0D6A8279457}.Release|Any CPU.Build.0 = Release|Any CPU
	EndGlobalSection
	GlobalSection(SolutionProperties) = preSolution
		HideSolutionNode = FALSE
	EndGlobalSection
	GlobalSection(ExtensibilityGlobals) = postSolution
		SolutionGuid = {D1AEBDDE-CD66-4484-BEA9-8BD3E8059569}
	EndGlobalSection
EndGlobal
